// !$*UTF8*$!
{
	archiveVersion = 1;
	classes = {
	};
	objectVersion = 46;
	objects = {

/* Begin PBXBuildFile section */
		A0B14CEC1D5B3660007F2299 /* AppDelegate.swift in Sources */ = {isa = PBXBuildFile; fileRef = A0B14CEB1D5B3660007F2299 /* AppDelegate.swift */; };
		A0B14CF11D5B3660007F2299 /* Main.storyboard in Resources */ = {isa = PBXBuildFile; fileRef = A0B14CEF1D5B3660007F2299 /* Main.storyboard */; };
		A0B14CF31D5B3660007F2299 /* Assets.xcassets in Resources */ = {isa = PBXBuildFile; fileRef = A0B14CF21D5B3660007F2299 /* Assets.xcassets */; };
		A0B14CF61D5B3660007F2299 /* LaunchScreen.storyboard in Resources */ = {isa = PBXBuildFile; fileRef = A0B14CF41D5B3660007F2299 /* LaunchScreen.storyboard */; };
		A0B14CFE1D5B3765007F2299 /* ItemsViewController.swift in Sources */ = {isa = PBXBuildFile; fileRef = A0B14CFD1D5B3765007F2299 /* ItemsViewController.swift */; };
		A0B14D001D5B3991007F2299 /* Item.swift in Sources */ = {isa = PBXBuildFile; fileRef = A0B14CFF1D5B3991007F2299 /* Item.swift */; };
		A0B14D021D5B476B007F2299 /* ItemStore.swift in Sources */ = {isa = PBXBuildFile; fileRef = A0B14D011D5B476B007F2299 /* ItemStore.swift */; };
		A0B14D041D5C74A3007F2299 /* ItemCell.swift in Sources */ = {isa = PBXBuildFile; fileRef = A0B14D031D5C74A3007F2299 /* ItemCell.swift */; };
/* End PBXBuildFile section */

/* Begin PBXFileReference section */
		A0B14CE81D5B3660007F2299 /* Homepwner.app */ = {isa = PBXFileReference; explicitFileType = wrapper.application; includeInIndex = 0; path = Homepwner.app; sourceTree = BUILT_PRODUCTS_DIR; };
		A0B14CEB1D5B3660007F2299 /* AppDelegate.swift */ = {isa = PBXFileReference; lastKnownFileType = sourcecode.swift; path = AppDelegate.swift; sourceTree = "<group>"; };
		A0B14CF01D5B3660007F2299 /* Base */ = {isa = PBXFileReference; lastKnownFileType = file.storyboard; name = Base; path = Base.lproj/Main.storyboard; sourceTree = "<group>"; };
		A0B14CF21D5B3660007F2299 /* Assets.xcassets */ = {isa = PBXFileReference; lastKnownFileType = folder.assetcatalog; path = Assets.xcassets; sourceTree = "<group>"; };
		A0B14CF51D5B3660007F2299 /* Base */ = {isa = PBXFileReference; lastKnownFileType = file.storyboard; name = Base; path = Base.lproj/LaunchScreen.storyboard; sourceTree = "<group>"; };
		A0B14CF71D5B3660007F2299 /* Info.plist */ = {isa = PBXFileReference; lastKnownFileType = text.plist.xml; path = Info.plist; sourceTree = "<group>"; };
		A0B14CFD1D5B3765007F2299 /* ItemsViewController.swift */ = {isa = PBXFileReference; fileEncoding = 4; lastKnownFileType = sourcecode.swift; path = ItemsViewController.swift; sourceTree = "<group>"; };
		A0B14CFF1D5B3991007F2299 /* Item.swift */ = {isa = PBXFileReference; fileEncoding = 4; lastKnownFileType = sourcecode.swift; path = Item.swift; sourceTree = "<group>"; };
		A0B14D011D5B476B007F2299 /* ItemStore.swift */ = {isa = PBXFileReference; fileEncoding = 4; lastKnownFileType = sourcecode.swift; path = ItemStore.swift; sourceTree = "<group>"; };
		A0B14D031D5C74A3007F2299 /* ItemCell.swift */ = {isa = PBXFileReference; fileEncoding = 4; lastKnownFileType = sourcecode.swift; path = ItemCell.swift; sourceTree = "<group>"; };
/* End PBXFileReference section */

/* Begin PBXFrameworksBuildPhase section */
		A0B14CE51D5B3660007F2299 /* Frameworks */ = {
			isa = PBXFrameworksBuildPhase;
			buildActionMask = 2147483647;
			files = (
			);
			runOnlyForDeploymentPostprocessing = 0;
		};
/* End PBXFrameworksBuildPhase section */

/* Begin PBXGroup section */
		A0B14CDF1D5B3660007F2299 = {
			isa = PBXGroup;
			children = (
				A0B14CEA1D5B3660007F2299 /* Homepwner */,
				A0B14CE91D5B3660007F2299 /* Products */,
			);
			sourceTree = "<group>";
		};
		A0B14CE91D5B3660007F2299 /* Products */ = {
			isa = PBXGroup;
			children = (
				A0B14CE81D5B3660007F2299 /* Homepwner.app */,
			);
			name = Products;
			sourceTree = "<group>";
		};
		A0B14CEA1D5B3660007F2299 /* Homepwner */ = {
			isa = PBXGroup;
			children = (
				A0B14CFF1D5B3991007F2299 /* Item.swift */,
				A0B14CEB1D5B3660007F2299 /* AppDelegate.swift */,
				A0B14CFD1D5B3765007F2299 /* ItemsViewController.swift */,
				A0B14D031D5C74A3007F2299 /* ItemCell.swift */,
				A0B14D011D5B476B007F2299 /* ItemStore.swift */,
				A0B14CEF1D5B3660007F2299 /* Main.storyboard */,
				A0B14CF21D5B3660007F2299 /* Assets.xcassets */,
				A0B14CF41D5B3660007F2299 /* LaunchScreen.storyboard */,
				A0B14CF71D5B3660007F2299 /* Info.plist */,
			);
			path = Homepwner;
			sourceTree = "<group>";
		};
/* End PBXGroup section */

/* Begin PBXNativeTarget section */
		A0B14CE71D5B3660007F2299 /* Homepwner */ = {
			isa = PBXNativeTarget;
			buildConfigurationList = A0B14CFA1D5B3660007F2299 /* Build configuration list for PBXNativeTarget "Homepwner" */;
			buildPhases = (
				A0B14CE41D5B3660007F2299 /* Sources */,
				A0B14CE51D5B3660007F2299 /* Frameworks */,
				A0B14CE61D5B3660007F2299 /* Resources */,
			);
			buildRules = (
			);
			dependencies = (
			);
			name = Homepwner;
			productName = Homepwner;
			productReference = A0B14CE81D5B3660007F2299 /* Homepwner.app */;
			productType = "com.apple.product-type.application";
		};
/* End PBXNativeTarget section */

/* Begin PBXProject section */
		A0B14CE01D5B3660007F2299 /* Project object */ = {
			isa = PBXProject;
			attributes = {
				LastSwiftUpdateCheck = 0730;
				LastUpgradeCheck = 0730;
				ORGANIZATIONNAME = "Marcin Sporysz";
				TargetAttributes = {
					A0B14CE71D5B3660007F2299 = {
						CreatedOnToolsVersion = 7.3.1;
					};
				};
			};
			buildConfigurationList = A0B14CE31D5B3660007F2299 /* Build configuration list for PBXProject "Homepwner" */;
			compatibilityVersion = "Xcode 3.2";
			developmentRegion = English;
			hasScannedForEncodings = 0;
			knownRegions = (
				en,
				Base,
			);
			mainGroup = A0B14CDF1D5B3660007F2299;
			productRefGroup = A0B14CE91D5B3660007F2299 /* Products */;
			projectDirPath = "";
			projectRoot = "";
			targets = (
				A0B14CE71D5B3660007F2299 /* Homepwner */,
			);
		};
/* End PBXProject section */

/* Begin PBXResourcesBuildPhase section */
		A0B14CE61D5B3660007F2299 /* Resources */ = {
			isa = PBXResourcesBuildPhase;
			buildActionMask = 2147483647;
			files = (
				A0B14CF61D5B3660007F2299 /* LaunchScreen.storyboard in Resources */,
				A0B14CF31D5B3660007F2299 /* Assets.xcassets in Resources */,
				A0B14CF11D5B3660007F2299 /* Main.storyboard in Resources */,
			);
			runOnlyForDeploymentPostprocessing = 0;
		};
/* End PBXResourcesBuildPhase section */

/* Begin PBXSourcesBuildPhase section */
		A0B14CE41D5B3660007F2299 /* Sources */ = {
			isa = PBXSourcesBuildPhase;
			buildActionMask = 2147483647;
			files = (
				A0B14CFE1D5B3765007F2299 /* ItemsViewController.swift in Sources */,
				A0B14D001D5B3991007F2299 /* Item.swift in Sources */,
				A0B14D021D5B476B007F2299 /* ItemStore.swift in Sources */,
				A0B14CEC1D5B3660007F2299 /* AppDelegate.swift in Sources */,
				A0B14D041D5C74A3007F2299 /* ItemCell.swift in Sources */,
			);
			runOnlyForDeploymentPostprocessing = 0;
		};
/* End PBXSourcesBuildPhase section */

/* Begin PBXVariantGroup section */
		A0B14CEF1D5B3660007F2299 /* Main.storyboard */ = {
			isa = PBXVariantGroup;
			children = (
				A0B14CF01D5B3660007F2299 /* Base */,
			);
			name = Main.storyboard;
			sourceTree = "<group>";
		};
		A0B14CF41D5B3660007F2299 /* LaunchScreen.storyboard */ = {
			isa = PBXVariantGroup;
			children = (
				A0B14CF51D5B3660007F2299 /* Base */,
			);
			name = LaunchScreen.storyboard;
			sourceTree = "<group>";
		};
/* End PBXVariantGroup section */

/* Begin XCBuildConfiguration section */
		A0B14CF81D5B3660007F2299 /* Debug */ = {
			isa = XCBuildConfiguration;
			buildSettings = {
				ALWAYS_SEARCH_USER_PATHS = NO;
				CLANG_ANALYZER_NONNULL = YES;
				CLANG_CXX_LANGUAGE_STANDARD = "gnu++0x";
				CLANG_CXX_LIBRARY = "libc++";
				CLANG_ENABLE_MODULES = YES;
				CLANG_ENABLE_OBJC_ARC = YES;
				CLANG_WARN_BOOL_CONVERSION = YES;
				CLANG_WARN_CONSTANT_CONVERSION = YES;
				CLANG_WARN_DIRECT_OBJC_ISA_USAGE = YES_ERROR;
				CLANG_WARN_EMPTY_BODY = YES;
				CLANG_WARN_ENUM_CONVERSION = YES;
				CLANG_WARN_INT_CONVERSION = YES;
				CLANG_WARN_OBJC_ROOT_CLASS = YES_ERROR;
				CLANG_WARN_UNREACHABLE_CODE = YES;
				CLANG_WARN__DUPLICATE_METHOD_MATCH = YES;
				"CODE_SIGN_IDENTITY[sdk=iphoneos*]" = "iPhone Developer";
				COPY_PHASE_STRIP = NO;
				DEBUG_INFORMATION_FORMAT = dwarf;
				ENABLE_STRICT_OBJC_MSGSEND = YES;
				ENABLE_TESTABILITY = YES;
				GCC_C_LANGUAGE_STANDARD = gnu99;
				GCC_DYNAMIC_NO_PIC = NO;
				GCC_NO_COMMON_BLOCKS = YES;
				GCC_OPTIMIZATION_LEVEL = 0;
				GCC_PREPROCESSOR_DEFINITIONS = (
					"DEBUG=1",
					"$(inherited)",
				);
				GCC_WARN_64_TO_32_BIT_CONVERSION = YES;
				GCC_WARN_ABOUT_RETURN_TYPE = YES_ERROR;
				GCC_WARN_UNDECLARED_SELECTOR = YES;
				GCC_WARN_UNINITIALIZED_AUTOS = YES_AGGRESSIVE;
				GCC_WARN_UNUSED_FUNCTION = YES;
				GCC_WARN_UNUSED_VARIABLE = YES;
				IPHONEOS_DEPLOYMENT_TARGET = 9.3;
				MTL_ENABLE_DEBUG_INFO = YES;
				ONLY_ACTIVE_ARCH = YES;
				SDKROOT = iphoneos;
				SWIFT_OPTIMIZATION_LEVEL = "-Onone";
			};
			name = Debug;
		};
		A0B14CF91D5B3660007F2299 /* Release */ = {
			isa = XCBuildConfiguration;
			buildSettings = {
				ALWAYS_SEARCH_USER_PATHS = NO;
				CLANG_ANALYZER_NONNULL = YES;
				CLANG_CXX_LANGUAGE_STANDARD = "gnu++0x";
				CLANG_CXX_LIBRARY = "libc++";
				CLANG_ENABLE_MODULES = YES;
				CLANG_ENABLE_OBJC_ARC = YES;
				CLANG_WARN_BOOL_CONVERSION = YES;
				CLANG_WARN_CONSTANT_CONVERSION = YES;
				CLANG_WARN_DIRECT_OBJC_ISA_USAGE = YES_ERROR;
				CLANG_WARN_EMPTY_BODY = YES;
				CLANG_WARN_ENUM_CONVERSION = YES;
				CLANG_WARN_INT_CONVERSION = YES;
				CLANG_WARN_OBJC_ROOT_CLASS = YES_ERROR;
				CLANG_WARN_UNREACHABLE_CODE = YES;
				CLANG_WARN__DUPLICATE_METHOD_MATCH = YES;
				"CODE_SIGN_IDENTITY[sdk=iphoneos*]" = "iPhone Developer";
				COPY_PHASE_STRIP = NO;
				DEBUG_INFORMATION_FORMAT = "dwarf-with-dsym";
				ENABLE_NS_ASSERTIONS = NO;
				ENABLE_STRICT_OBJC_MSGSEND = YES;
				GCC_C_LANGUAGE_STANDARD = gnu99;
				GCC_NO_COMMON_BLOCKS = YES;
				GCC_WARN_64_TO_32_BIT_CONVERSION = YES;
				GCC_WARN_ABOUT_RETURN_TYPE = YES_ERROR;
				GCC_WARN_UNDECLARED_SELECTOR = YES;
				GCC_WARN_UNINITIALIZED_AUTOS = YES_AGGRESSIVE;
				GCC_WARN_UNUSED_FUNCTION = YES;
				GCC_WARN_UNUSED_VARIABLE = YES;
				IPHONEOS_DEPLOYMENT_TARGET = 9.3;
				MTL_ENABLE_DEBUG_INFO = NO;
				SDKROOT = iphoneos;
				VALIDATE_PRODUCT = YES;
			};
			name = Release;
		};
		A0B14CFB1D5B3660007F2299 /* Debug */ = {
			isa = XCBuildConfiguration;
			buildSettings = {
				ASSETCATALOG_COMPILER_APPICON_NAME = AppIcon;
				INFOPLIST_FILE = Homepwner/Info.plist;
				LD_RUNPATH_SEARCH_PATHS = "$(inherited) @executable_path/Frameworks";
				PRODUCT_BUNDLE_IDENTIFIER = tech.Homepwner;
				PRODUCT_NAME = "$(TARGET_NAME)";
			};
			name = Debug;
		};
		A0B14CFC1D5B3660007F2299 /* Release */ = {
			isa = XCBuildConfiguration;
			buildSettings = {
				ASSETCATALOG_COMPILER_APPICON_NAME = AppIcon;
				INFOPLIST_FILE = Homepwner/Info.plist;
				LD_RUNPATH_SEARCH_PATHS = "$(inherited) @executable_path/Frameworks";
				PRODUCT_BUNDLE_IDENTIFIER = tech.Homepwner;
				PRODUCT_NAME = "$(TARGET_NAME)";
			};
			name = Release;
		};
/* End XCBuildConfiguration section */

/* Begin XCConfigurationList section */
		A0B14CE31D5B3660007F2299 /* Build configuration list for PBXProject "Homepwner" */ = {
			isa = XCConfigurationList;
			buildConfigurations = (
				A0B14CF81D5B3660007F2299 /* Debug */,
				A0B14CF91D5B3660007F2299 /* Release */,
			);
			defaultConfigurationIsVisible = 0;
			defaultConfigurationName = Release;
		};
		A0B14CFA1D5B3660007F2299 /* Build configuration list for PBXNativeTarget "Homepwner" */ = {
			isa = XCConfigurationList;
			buildConfigurations = (
				A0B14CFB1D5B3660007F2299 /* Debug */,
				A0B14CFC1D5B3660007F2299 /* Release */,
			);
			defaultConfigurationIsVisible = 0;
		};
/* End XCConfigurationList section */
	};
	rootObject = A0B14CE01D5B3660007F2299 /* Project object */;
}
